
Microsoft Visual Studio Solution File, Format Version 12.00
# Visual Studio Version 16
VisualStudioVersion = 16.0.30804.86
MinimumVisualStudioVersion = 10.0.40219.1
Project("{FAE04EC0-301F-11D3-BF4B-00C04F79EFBC}") = "ChannelsTest", "ChannelsTest\ChannelsTest.csproj", "{4C225452-62E4-4298-865A-1413C14331CF}"
EndProject
Global
	GlobalSection(SolutionConfigurationPlatforms) = preSolution
		Debug|Any CPU = Debug|Any CPU
		Release|Any CPU = Release|Any CPU
	EndGlobalSection
	GlobalSection(ProjectConfigurationPlatforms) = postSolution
		{4C225452-62E4-4298-865A-1413C14331CF}.Debug|Any CPU.ActiveCfg = Debug|Any CPU
		{4C225452-62E4-4298-865A-1413C14331CF}.Debug|Any CPU.Build.0 = Debug|Any CPU
		{4C225452-62E4-4298-865A-1413C14331CF}.Release|Any CPU.ActiveCfg = Release|Any CPU
		{4C225452-62E4-4298-865A-1413C14331CF}.Release|Any CPU.Build.0 = Release|Any CPU
	EndGlobalSection
	GlobalSection(SolutionProperties) = preSolution
		HideSolutionNode = FALSE
	EndGlobalSection
	GlobalSection(ExtensibilityGlobals) = postSolution
		SolutionGuid = {8D455DA1-E5C2-4CF6-BD4B-4B7BF6AAAFB7}
	EndGlobalSection
EndGlobal
